PODS:
  - AnimatedCollectionViewLayout (0.6.0)
  - SteviaLayout (4.5.0)

DEPENDENCIES:
  - AnimatedCollectionViewLayout
  - SteviaLayout

SPEC REPOS:
  https://github.com/cocoapods/specs.git:
    - AnimatedCollectionViewLayout
    - SteviaLayout

SPEC CHECKSUMS:
  AnimatedCollectionViewLayout: f2c4e8dda4e3f1678ad6c0b39273a31b19bc935d
  SteviaLayout: aa64a62810544348c9e328a6521cb9160fa82ec6

PODFILE CHECKSUM: 54d4d71de41ee8bb1dea72783810f53d4bd17d90

COCOAPODS: 1.5.3
